// !$*UTF8*$!
{
	archiveVersion = 1;
	classes = {
	};
	objectVersion = 77;
	objects = {

/* Begin PBXContainerItemProxy section */
		C20FA1842F5E738B00A2432F /* PBXContainerItemProxy */ = {
			isa = PBXContainerItemProxy;
			containerPortal = C20FA16E2F5E738B00A2432F /* Project object */;
			proxyType = 1;
			remoteGlobalIDString = C20FA1752F5E738B00A2432F;
			remoteInfo = Readyo;
		};
		C20FA18E2F5E738B00A2432F /* PBXContainerItemProxy */ = {
			isa = PBXContainerItemProxy;
			containerPortal = C20FA16E2F5E738B00A2432F /* Project object */;
			proxyType = 1;
			remoteGlobalIDString = C20FA1752F5E738B00A2432F;
			remoteInfo = Readyo;
		};
/* End PBXContainerItemProxy section */

/* Begin PBXFileReference section */
		C20FA1762F5E738B00A2432F /* Readyo.app */ = {isa = PBXFileReference; explicitFileType = wrapper.application; includeInIndex = 0; path = Readyo.app; sourceTree = BUILT_PRODUCTS_DIR; };
		C20FA1832F5E738B00A2432F /* ReadyoTests.xctest */ = {isa = PBXFileReference; explicitFileType = wrapper.cfbundle; includeInIndex = 0; path = ReadyoTests.xctest; sourceTree = BUILT_PRODUCTS_DIR; };
		C20FA18D2F5E738B00A2432F /* ReadyoUITests.xctest */ = {isa = PBXFileReference; explicitFileType = wrapper.cfbundle; includeInIndex = 0; path = ReadyoUITests.xctest; sourceTree = BUILT_PRODUCTS_DIR; };
/* End PBXFileReference section */

/* Begin PBXFileSystemSynchronizedRootGroup section */
		C20FA1782F5E738B00A2432F /* Readyo */ = {
			isa = PBXFileSystemSynchronizedRootGroup;
			path = Readyo;
			sourceTree = "<group>";
		};
		C20FA1862F5E738B00A2432F /* ReadyoTests */ = {
			isa = PBXFileSystemSynchronizedRootGroup;
			path = ReadyoTests;
			sourceTree = "<group>";
		};
		C20FA1902F5E738B00A2432F /* ReadyoUITests */ = {
			isa = PBXFileSystemSynchronizedRootGroup;
			path = ReadyoUITests;
			sourceTree = "<group>";
		};
/* End PBXFileSystemSynchronizedRootGroup section */

/* Begin PBXFrameworksBuildPhase section */
		C20FA1732F5E738B00A2432F /* Frameworks */ = {
			isa = PBXFrameworksBuildPhase;
			buildActionMask = 2147483647;
			files = (
			);
			runOnlyForDeploymentPostprocessing = 0;
		};
		C20FA1802F5E738B00A2432F /* Frameworks */ = {
			isa = PBXFrameworksBuildPhase;
			buildActionMask = 2147483647;
			files = (
			);
			runOnlyForDeploymentPostprocessing = 0;
		};
		C20FA18A2F5E738B00A2432F /* Frameworks */ = {
			isa = PBXFrameworksBuildPhase;
			buildActionMask = 2147483647;
			files = (
			);
			runOnlyForDeploymentPostprocessing = 0;
		};
/* End PBXFrameworksBuildPhase section */

/* Begin PBXGroup section */
		C20FA16D2F5E738B00A2432F = {
			isa = PBXGroup;
			children = (
				C20FA1782F5E738B00A2432F /* Readyo */,
				C20FA1862F5E738B00A2432F /* ReadyoTests */,
				C20FA1902F5E738B00A2432F /* ReadyoUITests */,
				C20FA1772F5E738B00A2432F /* Products */,
			);
			sourceTree = "<group>";
		};
		C20FA1772F5E738B00A2432F /* Products */ = {
			isa = PBXGroup;
			children = (
				C20FA1762F5E738B00A2432F /* Readyo.app */,
				C20FA1832F5E738B00A2432F /* ReadyoTests.xctest */,
				C20FA18D2F5E738B00A2432F /* ReadyoUITests.xctest */,
			);
			name = Products;
			sourceTree = "<group>";
		};
/* End PBXGroup section */

/* Begin PBXNativeTarget section */
		C20FA1752F5E738B00A2432F /* Readyo */ = {
			isa = PBXNativeTarget;
			buildConfigurationList = C20FA1972F5E738B00A2432F /* Build configuration list for PBXNativeTarget "Readyo" */;
			buildPhases = (
				C20FA1722F5E738B00A2432F /* Sources */,
				C20FA1732F5E738B00A2432F /* Frameworks */,
				C20FA1742F5E738B00A2432F /* Resources */,
			);
			buildRules = (
			);
			dependencies = (
			);
			fileSystemSynchronizedGroups = (
				C20FA1782F5E738B00A2432F /* Readyo */,
			);
			name = Readyo;
			packageProductDependencies = (
			);
			productName = Readyo;
			productReference = C20FA1762F5E738B00A2432F /* Readyo.app */;
			productType = "com.apple.product-type.application";
		};
		C20FA1822F5E738B00A2432F /* ReadyoTests */ = {
			isa = PBXNativeTarget;
			buildConfigurationList = C20FA19A2F5E738B00A2432F /* Build configuration list for PBXNativeTarget "ReadyoTests" */;
			buildPhases = (
				C20FA17F2F5E738B00A2432F /* Sources */,
				C20FA1802F5E738B00A2432F /* Frameworks */,
				C20FA1812F5E738B00A2432F /* Resources */,
			);
			buildRules = (
			);
			dependencies = (
				C20FA1852F5E738B00A2432F /* PBXTargetDependency */,
			);
			fileSystemSynchronizedGroups = (
				C20FA1862F5E738B00A2432F /* ReadyoTests */,
			);
			name = ReadyoTests;
			packageProductDependencies = (
			);
			productName = ReadyoTests;
			productReference = C20FA1832F5E738B00A2432F /* ReadyoTests.xctest */;
			productType = "com.apple.product-type.bundle.unit-test";
		};
		C20FA18C2F5E738B00A2432F /* ReadyoUITests */ = {
			isa = PBXNativeTarget;
			buildConfigurationList = C20FA19D2F5E738B00A2432F /* Build configuration list for PBXNativeTarget "ReadyoUITests" */;
			buildPhases = (
				C20FA1892F5E738B00A2432F /* Sources */,
				C20FA18A2F5E738B00A2432F /* Frameworks */,
				C20FA18B2F5E738B00A2432F /* Resources */,
			);
			buildRules = (
			);
			dependencies = (
				C20FA18F2F5E738B00A2432F /* PBXTargetDependency */,
			);
			fileSystemSynchronizedGroups = (
				C20FA1902F5E738B00A2432F /* ReadyoUITests */,
			);
			name = ReadyoUITests;
			packageProductDependencies = (
			);
			productName = ReadyoUITests;
			productReference = C20FA18D2F5E738B00A2432F /* ReadyoUITests.xctest */;
			productType = "com.apple.product-type.bundle.ui-testing";
		};
/* End PBXNativeTarget section */

/* Begin PBXProject section */
		C20FA16E2F5E738B00A2432F /* Project object */ = {
			isa = PBXProject;
			attributes = {
				BuildIndependentTargetsInParallel = 1;
				LastSwiftUpdateCheck = 2630;
				LastUpgradeCheck = 2630;
				TargetAttributes = {
					C20FA1752F5E738B00A2432F = {
						CreatedOnToolsVersion = 26.3;
					};
					C20FA1822F5E738B00A2432F = {
						CreatedOnToolsVersion = 26.3;
						TestTargetID = C20FA1752F5E738B00A2432F;
					};
					C20FA18C2F5E738B00A2432F = {
						CreatedOnToolsVersion = 26.3;
						TestTargetID = C20FA1752F5E738B00A2432F;
					};
				};
			};
			buildConfigurationList = C20FA1712F5E738B00A2432F /* Build configuration list for PBXProject "Readyo" */;
			developmentRegion = en;
			hasScannedForEncodings = 0;
			knownRegions = (
				en,
				Base,
			);
			mainGroup = C20FA16D2F5E738B00A2432F;
			minimizedProjectReferenceProxies = 1;
			preferredProjectObjectVersion = 77;
			productRefGroup = C20FA1772F5E738B00A2432F /* Products */;
			projectDirPath = "";
			projectRoot = "";
			targets = (
				C20FA1752F5E738B00A2432F /* Readyo */,
				C20FA1822F5E738B00A2432F /* ReadyoTests */,
				C20FA18C2F5E738B00A2432F /* ReadyoUITests */,
			);
		};
/* End PBXProject section */

/* Begin PBXResourcesBuildPhase section */
		C20FA1742F5E738B00A2432F /* Resources */ = {
			isa = PBXResourcesBuildPhase;
			buildActionMask = 2147483647;
			files = (
			);
			runOnlyForDeploymentPostprocessing = 0;
		};
		C20FA1812F5E738B00A2432F /* Resources */ = {
			isa = PBXResourcesBuildPhase;
			buildActionMask = 2147483647;
			files = (
			);
			runOnlyForDeploymentPostprocessing = 0;
		};
		C20FA18B2F5E738B00A2432F /* Resources */ = {
			isa = PBXResourcesBuildPhase;
			buildActionMask = 2147483647;
			files = (
			);
			runOnlyForDeploymentPostprocessing = 0;
		};
/* End PBXResourcesBuildPhase section */

/* Begin PBXSourcesBuildPhase section */
		C20FA1722F5E738B00A2432F /* Sources */ = {
			isa = PBXSourcesBuildPhase;
			buildActionMask = 2147483647;
			files = (
			);
			runOnlyForDeploymentPostprocessing = 0;
		};
		C20FA17F2F5E738B00A2432F /* Sources */ = {
			isa = PBXSourcesBuildPhase;
			buildActionMask = 2147483647;
			files = (
			);
			runOnlyForDeploymentPostprocessing = 0;
		};
		C20FA1892F5E738B00A2432F /* Sources */ = {
			isa = PBXSourcesBuildPhase;
			buildActionMask = 2147483647;
			files = (
			);
			runOnlyForDeploymentPostprocessing = 0;
		};
/* End PBXSourcesBuildPhase section */

/* Begin PBXTargetDependency section */
		C20FA1852F5E738B00A2432F /* PBXTargetDependency */ = {
			isa = PBXTargetDependency;
			target = C20FA1752F5E738B00A2432F /* Readyo */;
			targetProxy = C20FA1842F5E738B00A2432F /* PBXContainerItemProxy */;
		};
		C20FA18F2F5E738B00A2432F /* PBXTargetDependency */ = {
			isa = PBXTargetDependency;
			target = C20FA1752F5E738B00A2432F /* Readyo */;
			targetProxy = C20FA18E2F5E738B00A2432F /* PBXContainerItemProxy */;
		};
/* End PBXTargetDependency section */

/* Begin XCBuildConfiguration section */
		C20FA1952F5E738B00A2432F /* Debug */ = {
			isa = XCBuildConfiguration;
			buildSettings = {
				ALWAYS_SEARCH_USER_PATHS = NO;
				ASSETCATALOG_COMPILER_GENERATE_SWIFT_ASSET_SYMBOL_EXTENSIONS = YES;
				CLANG_ANALYZER_NONNULL = YES;
				CLANG_ANALYZER_NUMBER_OBJECT_CONVERSION = YES_AGGRESSIVE;
				CLANG_CXX_LANGUAGE_STANDARD = "gnu++20";
				CLANG_ENABLE_MODULES = YES;
				CLANG_ENABLE_OBJC_ARC = YES;
				CLANG_ENABLE_OBJC_WEAK = YES;
				CLANG_WARN_BLOCK_CAPTURE_AUTORELEASING = YES;
				CLANG_WARN_BOOL_CONVERSION = YES;
				CLANG_WARN_COMMA = YES;
				CLANG_WARN_CONSTANT_CONVERSION = YES;
				CLANG_WARN_DEPRECATED_OBJC_IMPLEMENTATIONS = YES;
				CLANG_WARN_DIRECT_OBJC_ISA_USAGE = YES_ERROR;
				CLANG_WARN_DOCUMENTATION_COMMENTS = YES;
				CLANG_WARN_EMPTY_BODY = YES;
				CLANG_WARN_ENUM_CONVERSION = YES;
				CLANG_WARN_INFINITE_RECURSION = YES;
				CLANG_WARN_INT_CONVERSION = YES;
				CLANG_WARN_NON_LITERAL_NULL_CONVERSION = YES;
				CLANG_WARN_OBJC_IMPLICIT_RETAIN_SELF = YES;
				CLANG_WARN_OBJC_LITERAL_CONVERSION = YES;
				CLANG_WARN_OBJC_ROOT_CLASS = YES_ERROR;
				CLANG_WARN_QUOTED_INCLUDE_IN_FRAMEWORK_HEADER = YES;
				CLANG_WARN_RANGE_LOOP_ANALYSIS = YES;
				CLANG_WARN_STRICT_PROTOTYPES = YES;
				CLANG_WARN_SUSPICIOUS_MOVE = YES;
				CLANG_WARN_UNGUARDED_AVAILABILITY = YES_AGGRESSIVE;
				CLANG_WARN_UNREACHABLE_CODE = YES;
				CLANG_WARN__DUPLICATE_METHOD_MATCH = YES;
				COPY_PHASE_STRIP = NO;
				DEBUG_INFORMATION_FORMAT = dwarf;
				ENABLE_STRICT_OBJC_MSGSEND = YES;
				ENABLE_TESTABILITY = YES;
				ENABLE_USER_SCRIPT_SANDBOXING = YES;
				GCC_C_LANGUAGE_STANDARD = gnu17;
				GCC_DYNAMIC_NO_PIC = NO;
				GCC_NO_COMMON_BLOCKS = YES;
				GCC_OPTIMIZATION_LEVEL = 0;
				GCC_PREPROCESSOR_DEFINITIONS = (
					"DEBUG=1",
					"$(inherited)",
				);
				GCC_WARN_64_TO_32_BIT_CONVERSION = YES;
				GCC_WARN_ABOUT_RETURN_TYPE = YES_ERROR;
				GCC_WARN_UNDECLARED_SELECTOR = YES;
				GCC_WARN_UNINITIALIZED_AUTOS = YES_AGGRESSIVE;
				GCC_WARN_UNUSED_FUNCTION = YES;
				GCC_WARN_UNUSED_VARIABLE = YES;
				IPHONEOS_DEPLOYMENT_TARGET = 26.2;
				LOCALIZATION_PREFERS_STRING_CATALOGS = YES;
				MTL_ENABLE_DEBUG_INFO = INCLUDE_SOURCE;
				MTL_FAST_MATH = YES;
				ONLY_ACTIVE_ARCH = YES;
				SDKROOT = iphoneos;
				SWIFT_ACTIVE_COMPILATION_CONDITIONS = "DEBUG $(inherited)";
				SWIFT_OPTIMIZATION_LEVEL = "-Onone";
			};
			name = Debug;
		};
		C20FA1962F5E738B00A2432F /* Release */ = {
			isa = XCBuildConfiguration;
			buildSettings = {
				ALWAYS_SEARCH_USER_PATHS = NO;
				ASSETCATALOG_COMPILER_GENERATE_SWIFT_ASSET_SYMBOL_EXTENSIONS = YES;
				CLANG_ANALYZER_NONNULL = YES;
				CLANG_ANALYZER_NUMBER_OBJECT_CONVERSION = YES_AGGRESSIVE;
				CLANG_CXX_LANGUAGE_STANDARD = "gnu++20";
				CLANG_ENABLE_MODULES = YES;
				CLANG_ENABLE_OBJC_ARC = YES;
				CLANG_ENABLE_OBJC_WEAK = YES;
				CLANG_WARN_BLOCK_CAPTURE_AUTORELEASING = YES;
				CLANG_WARN_BOOL_CONVERSION = YES;
				CLANG_WARN_COMMA = YES;
				CLANG_WARN_CONSTANT_CONVERSION = YES;
				CLANG_WARN_DEPRECATED_OBJC_IMPLEMENTATIONS = YES;
				CLANG_WARN_DIRECT_OBJC_ISA_USAGE = YES_ERROR;
				CLANG_WARN_DOCUMENTATION_COMMENTS = YES;
				CLANG_WARN_EMPTY_BODY = YES;
				CLANG_WARN_ENUM_CONVERSION = YES;
				CLANG_WARN_INFINITE_RECURSION = YES;
				CLANG_WARN_INT_CONVERSION = YES;
				CLANG_WARN_NON_LITERAL_NULL_CONVERSION = YES;
				CLANG_WARN_OBJC_IMPLICIT_RETAIN_SELF = YES;
				CLANG_WARN_OBJC_LITERAL_CONVERSION = YES;
				CLANG_WARN_OBJC_ROOT_CLASS = YES_ERROR;
				CLANG_WARN_QUOTED_INCLUDE_IN_FRAMEWORK_HEADER = YES;
				CLANG_WARN_RANGE_LOOP_ANALYSIS = YES;
				CLANG_WARN_STRICT_PROTOTYPES = YES;
				CLANG_WARN_SUSPICIOUS_MOVE = YES;
				CLANG_WARN_UNGUARDED_AVAILABILITY = YES_AGGRESSIVE;
				CLANG_WARN_UNREACHABLE_CODE = YES;
				CLANG_WARN__DUPLICATE_METHOD_MATCH = YES;
				COPY_PHASE_STRIP = NO;
				DEBUG_INFORMATION_FORMAT = "dwarf-with-dsym";
				ENABLE_NS_ASSERTIONS = NO;
				ENABLE_STRICT_OBJC_MSGSEND = YES;
				ENABLE_USER_SCRIPT_SANDBOXING = YES;
				GCC_C_LANGUAGE_STANDARD = gnu17;
				GCC_NO_COMMON_BLOCKS = YES;
				GCC_WARN_64_TO_32_BIT_CONVERSION = YES;
				GCC_WARN_ABOUT_RETURN_TYPE = YES_ERROR;
				GCC_WARN_UNDECLARED_SELECTOR = YES;
				GCC_WARN_UNINITIALIZED_AUTOS = YES_AGGRESSIVE;
				GCC_WARN_UNUSED_FUNCTION = YES;
				GCC_WARN_UNUSED_VARIABLE = YES;
				IPHONEOS_DEPLOYMENT_TARGET = 26.2;
				LOCALIZATION_PREFERS_STRING_CATALOGS = YES;
				MTL_ENABLE_DEBUG_INFO = NO;
				MTL_FAST_MATH = YES;
				SDKROOT = iphoneos;
				SWIFT_COMPILATION_MODE = wholemodule;
				VALIDATE_PRODUCT = YES;
			};
			name = Release;
		};
		C20FA1982F5E738B00A2432F /* Debug */ = {
			isa = XCBuildConfiguration;
			buildSettings = {
				ASSETCATALOG_COMPILER_APPICON_NAME = AppIcon;
				ASSETCATALOG_COMPILER_GLOBAL_ACCENT_COLOR_NAME = AccentColor;
				CODE_SIGN_STYLE = Automatic;
				CURRENT_PROJECT_VERSION = 1;
				DEVELOPMENT_TEAM = 67Q8694VM3;
				ENABLE_PREVIEWS = YES;
				GENERATE_INFOPLIST_FILE = YES;
				INFOPLIST_KEY_NSMicrophoneUsageDescription = "Readyo needs the microphone to hear your voice commands";
				INFOPLIST_KEY_NSSpeechRecognitionUsageDescription = "Readyo uses speech recognition to convert your voice to text";
				INFOPLIST_KEY_UIApplicationSceneManifest_Generation = YES;
				INFOPLIST_KEY_UIApplicationSupportsIndirectInputEvents = YES;
				INFOPLIST_KEY_UILaunchScreen_Generation = YES;
				INFOPLIST_KEY_UISupportedInterfaceOrientations_iPad = "UIInterfaceOrientationPortrait UIInterfaceOrientationPortraitUpsideDown UIInterfaceOrientationLandscapeLeft UIInterfaceOrientationLandscapeRight";
				INFOPLIST_KEY_UISupportedInterfaceOrientations_iPhone = "UIInterfaceOrientationPortrait UIInterfaceOrientationLandscapeLeft UIInterfaceOrientationLandscapeRight";
				LD_RUNPATH_SEARCH_PATHS = (
					"$(inherited)",
					"@executable_path/Frameworks",
				);
				MARKETING_VERSION = 1.0;
				PRODUCT_BUNDLE_IDENTIFIER = com.lsinha.readyo;
				PRODUCT_NAME = "$(TARGET_NAME)";
				STRING_CATALOG_GENERATE_SYMBOLS = YES;
				SWIFT_APPROACHABLE_CONCURRENCY = YES;
				SWIFT_DEFAULT_ACTOR_ISOLATION = MainActor;
				SWIFT_EMIT_LOC_STRINGS = YES;
				SWIFT_UPCOMING_FEATURE_MEMBER_IMPORT_VISIBILITY = YES;
				SWIFT_VERSION = 5.0;
				TARGETED_DEVICE_FAMILY = "1,2";
			};
			name = Debug;
		};
		C20FA1992F5E738B00A2432F /* Release */ = {
			isa = XCBuildConfiguration;
			buildSettings = {
				ASSETCATALOG_COMPILER_APPICON_NAME = AppIcon;
				ASSETCATALOG_COMPILER_GLOBAL_ACCENT_COLOR_NAME = AccentColor;
				CODE_SIGN_STYLE = Automatic;
				CURRENT_PROJECT_VERSION = 1;
				DEVELOPMENT_TEAM = 67Q8694VM3;
				ENABLE_PREVIEWS = YES;
				GENERATE_INFOPLIST_FILE = YES;
				INFOPLIST_KEY_NSMicrophoneUsageDescription = "Readyo needs the microphone to hear your voice commands";
				INFOPLIST_KEY_NSSpeechRecognitionUsageDescription = "Readyo uses speech recognition to convert your voice to text";
				INFOPLIST_KEY_UIApplicationSceneManifest_Generation = YES;
				INFOPLIST_KEY_UIApplicationSupportsIndirectInputEvents = YES;
				INFOPLIST_KEY_UILaunchScreen_Generation = YES;
				INFOPLIST_KEY_UISupportedInterfaceOrientations_iPad = "UIInterfaceOrientationPortrait UIInterfaceOrientationPortraitUpsideDown UIInterfaceOrientationLandscapeLeft UIInterfaceOrientationLandscapeRight";
				INFOPLIST_KEY_UISupportedInterfaceOrientations_iPhone = "UIInterfaceOrientationPortrait UIInterfaceOrientationLandscapeLeft UIInterfaceOrientationLandscapeRight";
				LD_RUNPATH_SEARCH_PATHS = (
					"$(inherited)",
					"@executable_path/Frameworks",
				);
				MARKETING_VERSION = 1.0;
				PRODUCT_BUNDLE_IDENTIFIER = com.lsinha.readyo;
				PRODUCT_NAME = "$(TARGET_NAME)";
				STRING_CATALOG_GENERATE_SYMBOLS = YES;
				SWIFT_APPROACHABLE_CONCURRENCY = YES;
				SWIFT_DEFAULT_ACTOR_ISOLATION = MainActor;
				SWIFT_EMIT_LOC_STRINGS = YES;
				SWIFT_UPCOMING_FEATURE_MEMBER_IMPORT_VISIBILITY = YES;
				SWIFT_VERSION = 5.0;
				TARGETED_DEVICE_FAMILY = "1,2";
			};
			name = Release;
		};
		C20FA19B2F5E738B00A2432F /* Debug */ = {
			isa = XCBuildConfiguration;
			buildSettings = {
				BUNDLE_LOADER = "$(TEST_HOST)";
				CODE_SIGN_STYLE = Automatic;
				CURRENT_PROJECT_VERSION = 1;
				GENERATE_INFOPLIST_FILE = YES;
				IPHONEOS_DEPLOYMENT_TARGET = 26.2;
				MARKETING_VERSION = 1.0;
				PRODUCT_BUNDLE_IDENTIFIER = speachpath.Lsinha.readyo.ReadyoTests;
				PRODUCT_NAME = "$(TARGET_NAME)";
				STRING_CATALOG_GENERATE_SYMBOLS = NO;
				SWIFT_APPROACHABLE_CONCURRENCY = YES;
				SWIFT_EMIT_LOC_STRINGS = NO;
				SWIFT_UPCOMING_FEATURE_MEMBER_IMPORT_VISIBILITY = YES;
				SWIFT_VERSION = 5.0;
				TARGETED_DEVICE_FAMILY = "1,2";
				TEST_HOST = "$(BUILT_PRODUCTS_DIR)/Readyo.app/$(BUNDLE_EXECUTABLE_FOLDER_PATH)/Readyo";
			};
			name = Debug;
		};
		C20FA19C2F5E738B00A2432F /* Release */ = {
			isa = XCBuildConfiguration;
			buildSettings = {
				BUNDLE_LOADER = "$(TEST_HOST)";
				CODE_SIGN_STYLE = Automatic;
				CURRENT_PROJECT_VERSION = 1;
				GENERATE_INFOPLIST_FILE = YES;
				IPHONEOS_DEPLOYMENT_TARGET = 26.2;
				MARKETING_VERSION = 1.0;
				PRODUCT_BUNDLE_IDENTIFIER = speachpath.Lsinha.readyo.ReadyoTests;
				PRODUCT_NAME = "$(TARGET_NAME)";
				STRING_CATALOG_GENERATE_SYMBOLS = NO;
				SWIFT_APPROACHABLE_CONCURRENCY = YES;
				SWIFT_EMIT_LOC_STRINGS = NO;
				SWIFT_UPCOMING_FEATURE_MEMBER_IMPORT_VISIBILITY = YES;
				SWIFT_VERSION = 5.0;
				TARGETED_DEVICE_FAMILY = "1,2";
				TEST_HOST = "$(BUILT_PRODUCTS_DIR)/Readyo.app/$(BUNDLE_EXECUTABLE_FOLDER_PATH)/Readyo";
			};
			name = Release;
		};
		C20FA19E2F5E738B00A2432F /* Debug */ = {
			isa = XCBuildConfiguration;
			buildSettings = {
				CODE_SIGN_STYLE = Automatic;
				CURRENT_PROJECT_VERSION = 1;
				GENERATE_INFOPLIST_FILE = YES;
				MARKETING_VERSION = 1.0;
				PRODUCT_BUNDLE_IDENTIFIER = speachpath.Lsinha.readyo.ReadyoUITests;
				PRODUCT_NAME = "$(TARGET_NAME)";
				STRING_CATALOG_GENERATE_SYMBOLS = NO;
				SWIFT_APPROACHABLE_CONCURRENCY = YES;
				SWIFT_EMIT_LOC_STRINGS = NO;
				SWIFT_UPCOMING_FEATURE_MEMBER_IMPORT_VISIBILITY = YES;
				SWIFT_VERSION = 5.0;
				TARGETED_DEVICE_FAMILY = "1,2";
				TEST_TARGET_NAME = Readyo;
			};
			name = Debug;
		};
		C20FA19F2F5E738B00A2432F /* Release */ = {
			isa = XCBuildConfiguration;
			buildSettings = {
				CODE_SIGN_STYLE = Automatic;
				CURRENT_PROJECT_VERSION = 1;
				GENERATE_INFOPLIST_FILE = YES;
				MARKETING_VERSION = 1.0;
				PRODUCT_BUNDLE_IDENTIFIER = speachpath.Lsinha.readyo.ReadyoUITests;
				PRODUCT_NAME = "$(TARGET_NAME)";
				STRING_CATALOG_GENERATE_SYMBOLS = NO;
				SWIFT_APPROACHABLE_CONCURRENCY = YES;
				SWIFT_EMIT_LOC_STRINGS = NO;
				SWIFT_UPCOMING_FEATURE_MEMBER_IMPORT_VISIBILITY = YES;
				SWIFT_VERSION = 5.0;
				TARGETED_DEVICE_FAMILY = "1,2";
				TEST_TARGET_NAME = Readyo;
			};
			name = Release;
		};
/* End XCBuildConfiguration section */

/* Begin XCConfigurationList section */
		C20FA1712F5E738B00A2432F /* Build configuration list for PBXProject "Readyo" */ = {
			isa = XCConfigurationList;
			buildConfigurations = (
				C20FA1952F5E738B00A2432F /* Debug */,
				C20FA1962F5E738B00A2432F /* Release */,
			);
			defaultConfigurationIsVisible = 0;
			defaultConfigurationName = Release;
		};
		C20FA1972F5E738B00A2432F /* Build configuration list for PBXNativeTarget "Readyo" */ = {
			isa = XCConfigurationList;
			buildConfigurations = (
				C20FA1982F5E738B00A2432F /* Debug */,
				C20FA1992F5E738B00A2432F /* Release */,
			);
			defaultConfigurationIsVisible = 0;
			defaultConfigurationName = Release;
		};
		C20FA19A2F5E738B00A2432F /* Build configuration list for PBXNativeTarget "ReadyoTests" */ = {
			isa = XCConfigurationList;
			buildConfigurations = (
				C20FA19B2F5E738B00A2432F /* Debug */,
				C20FA19C2F5E738B00A2432F /* Release */,
			);
			defaultConfigurationIsVisible = 0;
			defaultConfigurationName = Release;
		};
		C20FA19D2F5E738B00A2432F /* Build configuration list for PBXNativeTarget "ReadyoUITests" */ = {
			isa = XCConfigurationList;
			buildConfigurations = (
				C20FA19E2F5E738B00A2432F /* Debug */,
				C20FA19F2F5E738B00A2432F /* Release */,
			);
			defaultConfigurationIsVisible = 0;
			defaultConfigurationName = Release;
		};
/* End XCConfigurationList section */
	};
	rootObject = C20FA16E2F5E738B00A2432F /* Project object */;
}
